
Microsoft Visual Studio Solution File, Format Version 12.00
# Visual Studio 14
VisualStudioVersion = 14.0.23107.0
MinimumVisualStudioVersion = 10.0.40219.1
Project("{FAE04EC0-301F-11D3-BF4B-00C04F79EFBC}") = "TeddyMatch", "TeddyMatch\TeddyMatch.csproj", "{5F64FFF2-2E3F-4F5D-A1FC-F377F9C0855D}"
EndProject
Project("{FAE04EC0-301F-11D3-BF4B-00C04F79EFBC}") = "TeddyMatch.Tests", "TeddyMatch.Tests\TeddyMatch.Tests.csproj", "{E06A746D-0299-4DF4-AF71-FBBE7B077C5F}"
EndProject
Global
	GlobalSection(SolutionConfigurationPlatforms) = preSolution
		Debug|Any CPU = Debug|Any CPU
		Release|Any CPU = Release|Any CPU
	EndGlobalSection
	GlobalSection(ProjectConfigurationPlatforms) = postSolution
		{5F64FFF2-2E3F-4F5D-A1FC-F377F9C0855D}.Debug|Any CPU.ActiveCfg = Debug|Any CPU
		{5F64FFF2-2E3F-4F5D-A1FC-F377F9C0855D}.Debug|Any CPU.Build.0 = Debug|Any CPU
		{5F64FFF2-2E3F-4F5D-A1FC-F377F9C0855D}.Release|Any CPU.ActiveCfg = Release|Any CPU
		{5F64FFF2-2E3F-4F5D-A1FC-F377F9C0855D}.Release|Any CPU.Build.0 = Release|Any CPU
		{E06A746D-0299-4DF4-AF71-FBBE7B077C5F}.Debug|Any CPU.ActiveCfg = Debug|Any CPU
		{E06A746D-0299-4DF4-AF71-FBBE7B077C5F}.Debug|Any CPU.Build.0 = Debug|Any CPU
		{E06A746D-0299-4DF4-AF71-FBBE7B077C5F}.Release|Any CPU.ActiveCfg = Release|Any CPU
		{E06A746D-0299-4DF4-AF71-FBBE7B077C5F}.Release|Any CPU.Build.0 = Release|Any CPU
	EndGlobalSection
	GlobalSection(SolutionProperties) = preSolution
		HideSolutionNode = FALSE
	EndGlobalSection
EndGlobal
